
Microsoft Visual Studio Solution File, Format Version 12.00
# Visual Studio 15
VisualStudioVersion = 15.0.26906.1
MinimumVisualStudioVersion = 10.0.40219.1
Project("{9A19103F-16F7-4668-BE54-9A1E7A4F7556}") = "SourceCode.Chasm", "src\SourceCode.Chasm\SourceCode.Chasm.csproj", "{430F8C16-427D-4756-B788-80C1F41E2B9A}"
EndProject
Project("{9A19103F-16F7-4668-BE54-9A1E7A4F7556}") = "SourceCode.Chasm.Tests", "src\SourceCode.Chasm.Tests\SourceCode.Chasm.Tests.csproj", "{E5C63B7F-51ED-4B85-AE71-375D8F1B0A3D}"
EndProject
Project("{9A19103F-16F7-4668-BE54-9A1E7A4F7556}") = "SourceCode.Chasm.IO.Json", "src\SourceCode.Chasm.IO.Json\SourceCode.Chasm.IO.Json.csproj", "{26312E66-C152-429B-B455-099A22929772}"
EndProject
Project("{9A19103F-16F7-4668-BE54-9A1E7A4F7556}") = "SourceCode.Chasm.IO.Json.Tests", "src\SourceCode.Chasm.IO.Json.Tests\SourceCode.Chasm.IO.Json.Tests.csproj", "{15175969-02BF-4156-B4E4-EADC6E0074A7}"
EndProject
Project("{9A19103F-16F7-4668-BE54-9A1E7A4F7556}") = "SourceCode.Chasm.IO.Bond", "src\SourceCode.Chasm.IO.Bond\SourceCode.Chasm.IO.Bond.csproj", "{1E4C8C4C-4E86-472F-AA6D-AA55B727A19E}"
EndProject
Project("{9A19103F-16F7-4668-BE54-9A1E7A4F7556}") = "SourceCode.Chasm.IO.Bond.Tests", "src\SourceCode.Chasm.IO.Bond.Tests\SourceCode.Chasm.IO.Bond.Tests.csproj", "{D2AB0792-DA9C-4611-AF3B-2D025FE222D6}"
EndProject
Project("{9A19103F-16F7-4668-BE54-9A1E7A4F7556}") = "SourceCode.Chasm.IO.Proto", "src\SourceCode.Chasm.IO.Proto\SourceCode.Chasm.IO.Proto.csproj", "{F0FBE1AA-9680-4FF5-AA18-56145CCB7D7D}"
EndProject
Project("{9A19103F-16F7-4668-BE54-9A1E7A4F7556}") = "SourceCode.Chasm.IO.Proto.Tests", "src\SourceCode.Chasm.IO.Proto.Tests\SourceCode.Chasm.IO.Proto.Tests.csproj", "{25C55825-AD35-499D-81C8-761FAA78D5B7}"
EndProject
Global
	GlobalSection(SolutionConfigurationPlatforms) = preSolution
		Debug|Any CPU = Debug|Any CPU
		Release|Any CPU = Release|Any CPU
	EndGlobalSection
	GlobalSection(ProjectConfigurationPlatforms) = postSolution
		{430F8C16-427D-4756-B788-80C1F41E2B9A}.Debug|Any CPU.ActiveCfg = Debug|Any CPU
		{430F8C16-427D-4756-B788-80C1F41E2B9A}.Debug|Any CPU.Build.0 = Debug|Any CPU
		{430F8C16-427D-4756-B788-80C1F41E2B9A}.Release|Any CPU.ActiveCfg = Release|Any CPU
		{430F8C16-427D-4756-B788-80C1F41E2B9A}.Release|Any CPU.Build.0 = Release|Any CPU
		{E5C63B7F-51ED-4B85-AE71-375D8F1B0A3D}.Debug|Any CPU.ActiveCfg = Debug|Any CPU
		{E5C63B7F-51ED-4B85-AE71-375D8F1B0A3D}.Debug|Any CPU.Build.0 = Debug|Any CPU
		{E5C63B7F-51ED-4B85-AE71-375D8F1B0A3D}.Release|Any CPU.ActiveCfg = Release|Any CPU
		{E5C63B7F-51ED-4B85-AE71-375D8F1B0A3D}.Release|Any CPU.Build.0 = Release|Any CPU
		{26312E66-C152-429B-B455-099A22929772}.Debug|Any CPU.ActiveCfg = Debug|Any CPU
		{26312E66-C152-429B-B455-099A22929772}.Debug|Any CPU.Build.0 = Debug|Any CPU
		{26312E66-C152-429B-B455-099A22929772}.Release|Any CPU.ActiveCfg = Release|Any CPU
		{26312E66-C152-429B-B455-099A22929772}.Release|Any CPU.Build.0 = Release|Any CPU
		{15175969-02BF-4156-B4E4-EADC6E0074A7}.Debug|Any CPU.ActiveCfg = Debug|Any CPU
		{15175969-02BF-4156-B4E4-EADC6E0074A7}.Debug|Any CPU.Build.0 = Debug|Any CPU
		{15175969-02BF-4156-B4E4-EADC6E0074A7}.Release|Any CPU.ActiveCfg = Release|Any CPU
		{15175969-02BF-4156-B4E4-EADC6E0074A7}.Release|Any CPU.Build.0 = Release|Any CPU
		{1E4C8C4C-4E86-472F-AA6D-AA55B727A19E}.Debug|Any CPU.ActiveCfg = Debug|Any CPU
		{1E4C8C4C-4E86-472F-AA6D-AA55B727A19E}.Debug|Any CPU.Build.0 = Debug|Any CPU
		{1E4C8C4C-4E86-472F-AA6D-AA55B727A19E}.Release|Any CPU.ActiveCfg = Release|Any CPU
		{1E4C8C4C-4E86-472F-AA6D-AA55B727A19E}.Release|Any CPU.Build.0 = Release|Any CPU
		{D2AB0792-DA9C-4611-AF3B-2D025FE222D6}.Debug|Any CPU.ActiveCfg = Debug|Any CPU
		{D2AB0792-DA9C-4611-AF3B-2D025FE222D6}.Debug|Any CPU.Build.0 = Debug|Any CPU
		{D2AB0792-DA9C-4611-AF3B-2D025FE222D6}.Release|Any CPU.ActiveCfg = Release|Any CPU
		{D2AB0792-DA9C-4611-AF3B-2D025FE222D6}.Release|Any CPU.Build.0 = Release|Any CPU
		{F0FBE1AA-9680-4FF5-AA18-56145CCB7D7D}.Debug|Any CPU.ActiveCfg = Debug|Any CPU
		{F0FBE1AA-9680-4FF5-AA18-56145CCB7D7D}.Debug|Any CPU.Build.0 = Debug|Any CPU
		{F0FBE1AA-9680-4FF5-AA18-56145CCB7D7D}.Release|Any CPU.ActiveCfg = Release|Any CPU
		{F0FBE1AA-9680-4FF5-AA18-56145CCB7D7D}.Release|Any CPU.Build.0 = Release|Any CPU
		{25C55825-AD35-499D-81C8-761FAA78D5B7}.Debug|Any CPU.ActiveCfg = Debug|Any CPU
		{25C55825-AD35-499D-81C8-761FAA78D5B7}.Debug|Any CPU.Build.0 = Debug|Any CPU
		{25C55825-AD35-499D-81C8-761FAA78D5B7}.Release|Any CPU.ActiveCfg = Release|Any CPU
		{25C55825-AD35-499D-81C8-761FAA78D5B7}.Release|Any CPU.Build.0 = Release|Any CPU
	EndGlobalSection
	GlobalSection(SolutionProperties) = preSolution
		HideSolutionNode = FALSE
	EndGlobalSection
	GlobalSection(ExtensibilityGlobals) = postSolution
		SolutionGuid = {B964863B-CE37-441D-9B56-0C86B56DAA2F}
	EndGlobalSection
EndGlobal
