
Microsoft Visual Studio Solution File, Format Version 12.00
# Visual Studio 15
VisualStudioVersion = 15.0.26929.2
MinimumVisualStudioVersion = 10.0.40219.1
Project("{9A19103F-16F7-4668-BE54-9A1E7A4F7556}") = "SourceCode.Chasm", "src\SourceCode.Chasm\SourceCode.Chasm.csproj", "{430F8C16-427D-4756-B788-80C1F41E2B9A}"
EndProject
Project("{9A19103F-16F7-4668-BE54-9A1E7A4F7556}") = "SourceCode.Chasm.Tests", "src\SourceCode.Chasm.Tests\SourceCode.Chasm.Tests.csproj", "{E5C63B7F-51ED-4B85-AE71-375D8F1B0A3D}"
EndProject
Project("{9A19103F-16F7-4668-BE54-9A1E7A4F7556}") = "SourceCode.Chasm.IO.Json", "src\SourceCode.Chasm.IO.Json\SourceCode.Chasm.IO.Json.csproj", "{26312E66-C152-429B-B455-099A22929772}"
EndProject
Project("{9A19103F-16F7-4668-BE54-9A1E7A4F7556}") = "SourceCode.Chasm.IO.Tests", "src\SourceCode.Chasm.IO.Tests\SourceCode.Chasm.IO.Tests.csproj", "{15175969-02BF-4156-B4E4-EADC6E0074A7}"
EndProject
Project("{9A19103F-16F7-4668-BE54-9A1E7A4F7556}") = "SourceCode.Chasm.IO.Proto", "src\SourceCode.Chasm.IO.Proto\SourceCode.Chasm.IO.Proto.csproj", "{F0FBE1AA-9680-4FF5-AA18-56145CCB7D7D}"
EndProject
Project("{2150E333-8FDC-42A3-9474-1A3956D46DE8}") = "tests", "tests", "{2E823422-9C14-40E9-A4E4-FD62EBA208A6}"
EndProject
Project("{9A19103F-16F7-4668-BE54-9A1E7A4F7556}") = "SourceCode.Chasm.IO.AzureBlobStorage", "src\SourceCode.Chasm.IO.AzureBlobStorage\SourceCode.Chasm.IO.AzureBlobStorage.csproj", "{4BCE88E4-3614-4561-9807-62418664CE5A}"
EndProject
Project("{9A19103F-16F7-4668-BE54-9A1E7A4F7556}") = "SourceCode.Chasm.IO.AzureTableStorage", "src\SourceCode.Chasm.IO.AzureTableStorage\SourceCode.Chasm.IO.AzureTableStorage.csproj", "{4B34F2F6-157D-4E6E-B996-05031B33EC17}"
EndProject
Project("{FAE04EC0-301F-11D3-BF4B-00C04F79EFBC}") = "SourceCode.Chasm.IO.Azure.Tests", "src\SourceCode.Chasm.IO.Azure.Tests\SourceCode.Chasm.IO.Azure.Tests.csproj", "{054B1D31-402F-4111-AB34-CDDB7461FB72}"
EndProject
Global
	GlobalSection(SolutionConfigurationPlatforms) = preSolution
		Debug|Any CPU = Debug|Any CPU
		Release|Any CPU = Release|Any CPU
	EndGlobalSection
	GlobalSection(ProjectConfigurationPlatforms) = postSolution
		{430F8C16-427D-4756-B788-80C1F41E2B9A}.Debug|Any CPU.ActiveCfg = Debug|Any CPU
		{430F8C16-427D-4756-B788-80C1F41E2B9A}.Debug|Any CPU.Build.0 = Debug|Any CPU
		{430F8C16-427D-4756-B788-80C1F41E2B9A}.Release|Any CPU.ActiveCfg = Release|Any CPU
		{430F8C16-427D-4756-B788-80C1F41E2B9A}.Release|Any CPU.Build.0 = Release|Any CPU
		{E5C63B7F-51ED-4B85-AE71-375D8F1B0A3D}.Debug|Any CPU.ActiveCfg = Debug|Any CPU
		{E5C63B7F-51ED-4B85-AE71-375D8F1B0A3D}.Debug|Any CPU.Build.0 = Debug|Any CPU
		{E5C63B7F-51ED-4B85-AE71-375D8F1B0A3D}.Release|Any CPU.ActiveCfg = Release|Any CPU
		{E5C63B7F-51ED-4B85-AE71-375D8F1B0A3D}.Release|Any CPU.Build.0 = Release|Any CPU
		{26312E66-C152-429B-B455-099A22929772}.Debug|Any CPU.ActiveCfg = Debug|Any CPU
		{26312E66-C152-429B-B455-099A22929772}.Debug|Any CPU.Build.0 = Debug|Any CPU
		{26312E66-C152-429B-B455-099A22929772}.Release|Any CPU.ActiveCfg = Release|Any CPU
		{26312E66-C152-429B-B455-099A22929772}.Release|Any CPU.Build.0 = Release|Any CPU
		{15175969-02BF-4156-B4E4-EADC6E0074A7}.Debug|Any CPU.ActiveCfg = Debug|Any CPU
		{15175969-02BF-4156-B4E4-EADC6E0074A7}.Debug|Any CPU.Build.0 = Debug|Any CPU
		{15175969-02BF-4156-B4E4-EADC6E0074A7}.Release|Any CPU.ActiveCfg = Release|Any CPU
		{15175969-02BF-4156-B4E4-EADC6E0074A7}.Release|Any CPU.Build.0 = Release|Any CPU
		{F0FBE1AA-9680-4FF5-AA18-56145CCB7D7D}.Debug|Any CPU.ActiveCfg = Debug|Any CPU
		{F0FBE1AA-9680-4FF5-AA18-56145CCB7D7D}.Debug|Any CPU.Build.0 = Debug|Any CPU
		{F0FBE1AA-9680-4FF5-AA18-56145CCB7D7D}.Release|Any CPU.ActiveCfg = Release|Any CPU
		{F0FBE1AA-9680-4FF5-AA18-56145CCB7D7D}.Release|Any CPU.Build.0 = Release|Any CPU
		{4BCE88E4-3614-4561-9807-62418664CE5A}.Debug|Any CPU.ActiveCfg = Debug|Any CPU
		{4BCE88E4-3614-4561-9807-62418664CE5A}.Debug|Any CPU.Build.0 = Debug|Any CPU
		{4BCE88E4-3614-4561-9807-62418664CE5A}.Release|Any CPU.ActiveCfg = Release|Any CPU
		{4BCE88E4-3614-4561-9807-62418664CE5A}.Release|Any CPU.Build.0 = Release|Any CPU
		{4B34F2F6-157D-4E6E-B996-05031B33EC17}.Debug|Any CPU.ActiveCfg = Debug|Any CPU
		{4B34F2F6-157D-4E6E-B996-05031B33EC17}.Debug|Any CPU.Build.0 = Debug|Any CPU
		{4B34F2F6-157D-4E6E-B996-05031B33EC17}.Release|Any CPU.ActiveCfg = Release|Any CPU
		{4B34F2F6-157D-4E6E-B996-05031B33EC17}.Release|Any CPU.Build.0 = Release|Any CPU
		{054B1D31-402F-4111-AB34-CDDB7461FB72}.Debug|Any CPU.ActiveCfg = Debug|Any CPU
		{054B1D31-402F-4111-AB34-CDDB7461FB72}.Debug|Any CPU.Build.0 = Debug|Any CPU
		{054B1D31-402F-4111-AB34-CDDB7461FB72}.Release|Any CPU.ActiveCfg = Release|Any CPU
		{054B1D31-402F-4111-AB34-CDDB7461FB72}.Release|Any CPU.Build.0 = Release|Any CPU
	EndGlobalSection
	GlobalSection(SolutionProperties) = preSolution
		HideSolutionNode = FALSE
	EndGlobalSection
	GlobalSection(NestedProjects) = preSolution
		{E5C63B7F-51ED-4B85-AE71-375D8F1B0A3D} = {2E823422-9C14-40E9-A4E4-FD62EBA208A6}
		{15175969-02BF-4156-B4E4-EADC6E0074A7} = {2E823422-9C14-40E9-A4E4-FD62EBA208A6}
		{054B1D31-402F-4111-AB34-CDDB7461FB72} = {2E823422-9C14-40E9-A4E4-FD62EBA208A6}
	EndGlobalSection
	GlobalSection(ExtensibilityGlobals) = postSolution
		SolutionGuid = {B964863B-CE37-441D-9B56-0C86B56DAA2F}
	EndGlobalSection
EndGlobal
