
Microsoft Visual Studio Solution File, Format Version 12.00
# Visual Studio 15
VisualStudioVersion = 15.0.27102.0
MinimumVisualStudioVersion = 10.0.40219.1
Project("{9A19103F-16F7-4668-BE54-9A1E7A4F7556}") = "SourceCode.Chasm", "src\SourceCode.Chasm\SourceCode.Chasm.csproj", "{430F8C16-427D-4756-B788-80C1F41E2B9A}"
EndProject
Project("{9A19103F-16F7-4668-BE54-9A1E7A4F7556}") = "SourceCode.Chasm.Tests", "src\SourceCode.Chasm.Tests\SourceCode.Chasm.Tests.csproj", "{E5C63B7F-51ED-4B85-AE71-375D8F1B0A3D}"
EndProject
Project("{9A19103F-16F7-4668-BE54-9A1E7A4F7556}") = "SourceCode.Chasm.Serializer.Json", "src\SourceCode.Chasm.Serializer.Json\SourceCode.Chasm.Serializer.Json.csproj", "{26312E66-C152-429B-B455-099A22929772}"
EndProject
Project("{9A19103F-16F7-4668-BE54-9A1E7A4F7556}") = "SourceCode.Chasm.Serializer.Tests", "src\SourceCode.Chasm.Serializer.Tests\SourceCode.Chasm.Serializer.Tests.csproj", "{15175969-02BF-4156-B4E4-EADC6E0074A7}"
EndProject
Project("{9A19103F-16F7-4668-BE54-9A1E7A4F7556}") = "SourceCode.Chasm.Serializer.Proto", "src\SourceCode.Chasm.Serializer.Proto\SourceCode.Chasm.Serializer.Proto.csproj", "{F0FBE1AA-9680-4FF5-AA18-56145CCB7D7D}"
EndProject
Project("{2150E333-8FDC-42A3-9474-1A3956D46DE8}") = ".tests", ".tests", "{2E823422-9C14-40E9-A4E4-FD62EBA208A6}"
EndProject
Project("{9A19103F-16F7-4668-BE54-9A1E7A4F7556}") = "SourceCode.Chasm.Repository.AzureBlob", "src\SourceCode.Chasm.Repository.AzureBlob\SourceCode.Chasm.Repository.AzureBlob.csproj", "{4BCE88E4-3614-4561-9807-62418664CE5A}"
EndProject
Project("{9A19103F-16F7-4668-BE54-9A1E7A4F7556}") = "SourceCode.Chasm.Repository.AzureTable", "src\SourceCode.Chasm.Repository.AzureTable\SourceCode.Chasm.Repository.AzureTable.csproj", "{4B34F2F6-157D-4E6E-B996-05031B33EC17}"
EndProject
Project("{9A19103F-16F7-4668-BE54-9A1E7A4F7556}") = "SourceCode.Chasm.Repository.Tests", "src\SourceCode.Chasm.Repository.Tests\SourceCode.Chasm.Repository.Tests.csproj", "{054B1D31-402F-4111-AB34-CDDB7461FB72}"
EndProject
Project("{2150E333-8FDC-42A3-9474-1A3956D46DE8}") = ".files", ".files", "{557A4569-C22F-46E2-BE3A-E76E3E2CAED5}"
	ProjectSection(SolutionItems) = preProject
		appveyor.yml = appveyor.yml
		codemaid.config = codemaid.config
		Directory.Build.props = Directory.Build.props
		LICENSE = LICENSE
		README.md = README.md
	EndProjectSection
EndProject
Project("{9A19103F-16F7-4668-BE54-9A1E7A4F7556}") = "SourceCode.Chasm.Repository.Disk", "src\SourceCode.Chasm.Repository.Disk\SourceCode.Chasm.Repository.Disk.csproj", "{47259EC6-D078-4E6A-89CD-F19FB73C8F34}"
EndProject
Project("{9A19103F-16F7-4668-BE54-9A1E7A4F7556}") = "SourceCode.Chasm.Serializer.Text", "src\SourceCode.Chasm.Serializer.Text\SourceCode.Chasm.Serializer.Text.csproj", "{5EC98200-9745-46C8-B455-8991B5DB3A9C}"
EndProject
Project("{9A19103F-16F7-4668-BE54-9A1E7A4F7556}") = "SourceCode.Chasm.Repository.Hybrid", "src\SourceCode.Chasm.Repository.Hybrid\SourceCode.Chasm.Repository.Hybrid.csproj", "{505E9DC1-437A-46FC-A6DC-3629952A8034}"
EndProject
Project("{FAE04EC0-301F-11D3-BF4B-00C04F79EFBC}") = "SourceCode.Chasm.IntegrationTests", "src\SoruceCode.Chasm.IntegrationTests\SourceCode.Chasm.IntegrationTests.csproj", "{8CA47B3D-D8BD-4C03-97F2-16C56549E9E7}"
EndProject
Global
	GlobalSection(SolutionConfigurationPlatforms) = preSolution
		Debug|Any CPU = Debug|Any CPU
		Release|Any CPU = Release|Any CPU
	EndGlobalSection
	GlobalSection(ProjectConfigurationPlatforms) = postSolution
		{430F8C16-427D-4756-B788-80C1F41E2B9A}.Debug|Any CPU.ActiveCfg = Debug|Any CPU
		{430F8C16-427D-4756-B788-80C1F41E2B9A}.Debug|Any CPU.Build.0 = Debug|Any CPU
		{430F8C16-427D-4756-B788-80C1F41E2B9A}.Release|Any CPU.ActiveCfg = Release|Any CPU
		{430F8C16-427D-4756-B788-80C1F41E2B9A}.Release|Any CPU.Build.0 = Release|Any CPU
		{E5C63B7F-51ED-4B85-AE71-375D8F1B0A3D}.Debug|Any CPU.ActiveCfg = Debug|Any CPU
		{E5C63B7F-51ED-4B85-AE71-375D8F1B0A3D}.Debug|Any CPU.Build.0 = Debug|Any CPU
		{E5C63B7F-51ED-4B85-AE71-375D8F1B0A3D}.Release|Any CPU.ActiveCfg = Release|Any CPU
		{E5C63B7F-51ED-4B85-AE71-375D8F1B0A3D}.Release|Any CPU.Build.0 = Release|Any CPU
		{26312E66-C152-429B-B455-099A22929772}.Debug|Any CPU.ActiveCfg = Debug|Any CPU
		{26312E66-C152-429B-B455-099A22929772}.Debug|Any CPU.Build.0 = Debug|Any CPU
		{26312E66-C152-429B-B455-099A22929772}.Release|Any CPU.ActiveCfg = Release|Any CPU
		{26312E66-C152-429B-B455-099A22929772}.Release|Any CPU.Build.0 = Release|Any CPU
		{15175969-02BF-4156-B4E4-EADC6E0074A7}.Debug|Any CPU.ActiveCfg = Debug|Any CPU
		{15175969-02BF-4156-B4E4-EADC6E0074A7}.Debug|Any CPU.Build.0 = Debug|Any CPU
		{15175969-02BF-4156-B4E4-EADC6E0074A7}.Release|Any CPU.ActiveCfg = Release|Any CPU
		{15175969-02BF-4156-B4E4-EADC6E0074A7}.Release|Any CPU.Build.0 = Release|Any CPU
		{F0FBE1AA-9680-4FF5-AA18-56145CCB7D7D}.Debug|Any CPU.ActiveCfg = Debug|Any CPU
		{F0FBE1AA-9680-4FF5-AA18-56145CCB7D7D}.Debug|Any CPU.Build.0 = Debug|Any CPU
		{F0FBE1AA-9680-4FF5-AA18-56145CCB7D7D}.Release|Any CPU.ActiveCfg = Release|Any CPU
		{F0FBE1AA-9680-4FF5-AA18-56145CCB7D7D}.Release|Any CPU.Build.0 = Release|Any CPU
		{4BCE88E4-3614-4561-9807-62418664CE5A}.Debug|Any CPU.ActiveCfg = Debug|Any CPU
		{4BCE88E4-3614-4561-9807-62418664CE5A}.Debug|Any CPU.Build.0 = Debug|Any CPU
		{4BCE88E4-3614-4561-9807-62418664CE5A}.Release|Any CPU.ActiveCfg = Release|Any CPU
		{4BCE88E4-3614-4561-9807-62418664CE5A}.Release|Any CPU.Build.0 = Release|Any CPU
		{4B34F2F6-157D-4E6E-B996-05031B33EC17}.Debug|Any CPU.ActiveCfg = Debug|Any CPU
		{4B34F2F6-157D-4E6E-B996-05031B33EC17}.Debug|Any CPU.Build.0 = Debug|Any CPU
		{4B34F2F6-157D-4E6E-B996-05031B33EC17}.Release|Any CPU.ActiveCfg = Release|Any CPU
		{4B34F2F6-157D-4E6E-B996-05031B33EC17}.Release|Any CPU.Build.0 = Release|Any CPU
		{054B1D31-402F-4111-AB34-CDDB7461FB72}.Debug|Any CPU.ActiveCfg = Debug|Any CPU
		{054B1D31-402F-4111-AB34-CDDB7461FB72}.Debug|Any CPU.Build.0 = Debug|Any CPU
		{054B1D31-402F-4111-AB34-CDDB7461FB72}.Release|Any CPU.ActiveCfg = Release|Any CPU
		{054B1D31-402F-4111-AB34-CDDB7461FB72}.Release|Any CPU.Build.0 = Release|Any CPU
		{47259EC6-D078-4E6A-89CD-F19FB73C8F34}.Debug|Any CPU.ActiveCfg = Debug|Any CPU
		{47259EC6-D078-4E6A-89CD-F19FB73C8F34}.Debug|Any CPU.Build.0 = Debug|Any CPU
		{47259EC6-D078-4E6A-89CD-F19FB73C8F34}.Release|Any CPU.ActiveCfg = Release|Any CPU
		{47259EC6-D078-4E6A-89CD-F19FB73C8F34}.Release|Any CPU.Build.0 = Release|Any CPU
		{5EC98200-9745-46C8-B455-8991B5DB3A9C}.Debug|Any CPU.ActiveCfg = Debug|Any CPU
		{5EC98200-9745-46C8-B455-8991B5DB3A9C}.Debug|Any CPU.Build.0 = Debug|Any CPU
		{5EC98200-9745-46C8-B455-8991B5DB3A9C}.Release|Any CPU.ActiveCfg = Release|Any CPU
		{5EC98200-9745-46C8-B455-8991B5DB3A9C}.Release|Any CPU.Build.0 = Release|Any CPU
		{505E9DC1-437A-46FC-A6DC-3629952A8034}.Debug|Any CPU.ActiveCfg = Debug|Any CPU
		{505E9DC1-437A-46FC-A6DC-3629952A8034}.Debug|Any CPU.Build.0 = Debug|Any CPU
		{505E9DC1-437A-46FC-A6DC-3629952A8034}.Release|Any CPU.ActiveCfg = Release|Any CPU
		{505E9DC1-437A-46FC-A6DC-3629952A8034}.Release|Any CPU.Build.0 = Release|Any CPU
		{8CA47B3D-D8BD-4C03-97F2-16C56549E9E7}.Debug|Any CPU.ActiveCfg = Debug|Any CPU
		{8CA47B3D-D8BD-4C03-97F2-16C56549E9E7}.Debug|Any CPU.Build.0 = Debug|Any CPU
		{8CA47B3D-D8BD-4C03-97F2-16C56549E9E7}.Release|Any CPU.ActiveCfg = Release|Any CPU
		{8CA47B3D-D8BD-4C03-97F2-16C56549E9E7}.Release|Any CPU.Build.0 = Release|Any CPU
	EndGlobalSection
	GlobalSection(SolutionProperties) = preSolution
		HideSolutionNode = FALSE
	EndGlobalSection
	GlobalSection(NestedProjects) = preSolution
		{E5C63B7F-51ED-4B85-AE71-375D8F1B0A3D} = {2E823422-9C14-40E9-A4E4-FD62EBA208A6}
		{15175969-02BF-4156-B4E4-EADC6E0074A7} = {2E823422-9C14-40E9-A4E4-FD62EBA208A6}
		{054B1D31-402F-4111-AB34-CDDB7461FB72} = {2E823422-9C14-40E9-A4E4-FD62EBA208A6}
		{8CA47B3D-D8BD-4C03-97F2-16C56549E9E7} = {2E823422-9C14-40E9-A4E4-FD62EBA208A6}
	EndGlobalSection
	GlobalSection(ExtensibilityGlobals) = postSolution
		SolutionGuid = {B964863B-CE37-441D-9B56-0C86B56DAA2F}
	EndGlobalSection
EndGlobal
